<?xml version="1.0" encoding="utf-8"?>
<Project ToolsVersion="4.0" xmlns="http://schemas.microsoft.com/developer/msbuild/2003">
  <ItemGroup>
    <Filter Include="源文件">
      <UniqueIdentifier>{4FC737F1-C7A5-4376-A066-2A32D752A2FF}</UniqueIdentifier>
      <Extensions>cpp;c;cc;cxx;c++;cppm;ixx;def;odl;idl;hpj;bat;asm;asmx</Extensions>
    </Filter>
    <Filter Include="头文件">
      <UniqueIdentifier>{93995380-89BD-4b04-88EB-625FBE52EBFB}</UniqueIdentifier>
      <Extensions>h;hh;hpp;hxx;h++;hm;inl;inc;ipp;xsd</Extensions>
    </Filter>
    <Filter Include="资源文件">
      <UniqueIdentifier>{67DA6AB6-F800-4c08-8B7A-83BB121AAD01}</UniqueIdentifier>
      <Extensions>rc;ico;cur;bmp;dlg;rc2;rct;bin;rgs;gif;jpg;jpeg;jpe;resx;tiff;tif;png;wav;mfcribbon-ms</Extensions>
    </Filter>
  </ItemGroup>
  <ItemGroup>
    <ClCompile Include="力扣349-两个数组的交集.cpp">
      <Filter>源文件</Filter>
    </ClCompile>
    <ClCompile Include="力扣350-两个数组的交集2.cpp">
      <Filter>源文件</Filter>
    </ClCompile>
    <ClCompile Include="力扣242-有效的字母异位词.cpp">
      <Filter>源文件</Filter>
    </ClCompile>
    <ClCompile Include="力扣202-快乐数.cpp">
      <Filter>源文件</Filter>
    </ClCompile>
    <ClCompile Include="力扣290-单词规律.cpp">
      <Filter>源文件</Filter>
    </ClCompile>
    <ClCompile Include="力扣205-同构字符串.cpp">
      <Filter>源文件</Filter>
    </ClCompile>
    <ClCompile Include="力扣451-根据字符出现的频率排序.cpp">
      <Filter>源文件</Filter>
    </ClCompile>
    <ClCompile Include="力扣1-两数之和.cpp">
      <Filter>源文件</Filter>
    </ClCompile>
    <ClCompile Include="力扣15-三数之和.cpp">
      <Filter>源文件</Filter>
    </ClCompile>
    <ClCompile Include="力扣18-四数之和.cpp">
      <Filter>源文件</Filter>
    </ClCompile>
    <ClCompile Include="力扣13-最接近的三数之和.cpp">
      <Filter>源文件</Filter>
    </ClCompile>
    <ClCompile Include="力扣454-四数相加2.cpp">
      <Filter>源文件</Filter>
    </ClCompile>
    <ClCompile Include="力扣49-字母异位词分组.cpp">
      <Filter>源文件</Filter>
    </ClCompile>
    <ClCompile Include="力扣447-回旋镖的数量.cpp">
      <Filter>源文件</Filter>
    </ClCompile>
    <ClCompile Include="力扣149-直线上最多的点数.cpp">
      <Filter>源文件</Filter>
    </ClCompile>
    <ClCompile Include="力扣219-存在重复元素ll.cpp">
      <Filter>源文件</Filter>
    </ClCompile>
    <ClCompile Include="力扣217-存在重复元素.cpp">
      <Filter>源文件</Filter>
    </ClCompile>
    <ClCompile Include="力扣220-存在重复元素III.cpp">
      <Filter>源文件</Filter>
    </ClCompile>
  </ItemGroup>
</Project>